// !$*UTF8*$!
{
	archiveVersion = 1;
	classes = {
	};
	objectVersion = 56;
	objects = {

/* Begin PBXBuildFile section */
		23C844BA716C60F677D6AE68 /* Pods_ArtApp.framework in Frameworks */ = {isa = PBXBuildFile; fileRef = BD5B474F8BC099BEA14CF956 /* Pods_ArtApp.framework */; };
		6DE341892E247D8500A967E9 /* CellConfigurator.swift in Sources */ = {isa = PBXBuildFile; fileRef = 6DE341882E247D8500A967E9 /* CellConfigurator.swift */; };
		6DE341D22E24A32500A967E9 /* CustomNavigationController.swift in Sources */ = {isa = PBXBuildFile; fileRef = 6DE341D12E24A32500A967E9 /* CustomNavigationController.swift */; };
		6DE341D42E24A4BB00A967E9 /* MainViewModel.swift in Sources */ = {isa = PBXBuildFile; fileRef = 6DE341D32E24A4BB00A967E9 /* MainViewModel.swift */; };
		6DE341D62E24A63700A967E9 /* MainCollectionView.swift in Sources */ = {isa = PBXBuildFile; fileRef = 6DE341D52E24A63700A967E9 /* MainCollectionView.swift */; };
		6DE341D92E24BC9300A967E9 /* MainView.swift in Sources */ = {isa = PBXBuildFile; fileRef = 6DE341D82E24BC9300A967E9 /* MainView.swift */; };
		6DE341DC2E24FDBD00A967E9 /* DependencyInjection.swift in Sources */ = {isa = PBXBuildFile; fileRef = 6DE341DB2E24FDBD00A967E9 /* DependencyInjection.swift */; };
		6DEEE2E72E1F412C00338DA5 /* AppDelegate.swift in Sources */ = {isa = PBXBuildFile; fileRef = 6DEEE2E62E1F412C00338DA5 /* AppDelegate.swift */; };
		6DEEE2E92E1F412C00338DA5 /* SceneDelegate.swift in Sources */ = {isa = PBXBuildFile; fileRef = 6DEEE2E82E1F412C00338DA5 /* SceneDelegate.swift */; };
		6DEEE2EB2E1F412C00338DA5 /* MainViewController.swift in Sources */ = {isa = PBXBuildFile; fileRef = 6DEEE2EA2E1F412C00338DA5 /* MainViewController.swift */; };
		6DEEE2F02E1F412F00338DA5 /* Assets.xcassets in Resources */ = {isa = PBXBuildFile; fileRef = 6DEEE2EF2E1F412F00338DA5 /* Assets.xcassets */; };
		6DEEE2F32E1F412F00338DA5 /* LaunchScreen.storyboard in Resources */ = {isa = PBXBuildFile; fileRef = 6DEEE2F12E1F412F00338DA5 /* LaunchScreen.storyboard */; };
		6DEEE3002E1F41E900338DA5 /* Artist.swift in Sources */ = {isa = PBXBuildFile; fileRef = 6DEEE2FF2E1F41E900338DA5 /* Artist.swift */; };
		6DEEE3022E1F42DA00338DA5 /* NetworkService.swift in Sources */ = {isa = PBXBuildFile; fileRef = 6DEEE3012E1F42DA00338DA5 /* NetworkService.swift */; };
		6DEEE3042E1F42FB00338DA5 /* API.swift in Sources */ = {isa = PBXBuildFile; fileRef = 6DEEE3032E1F42FB00338DA5 /* API.swift */; };
		6DEEE3062E1F430400338DA5 /* Error.swift in Sources */ = {isa = PBXBuildFile; fileRef = 6DEEE3052E1F430400338DA5 /* Error.swift */; };
		6DEEE30B2E1F483C00338DA5 /* BaseViewController.swift in Sources */ = {isa = PBXBuildFile; fileRef = 6DEEE30A2E1F483C00338DA5 /* BaseViewController.swift */; };
		6DEEE30E2E1F48B800338DA5 /* BaseColletionCell.swift in Sources */ = {isa = PBXBuildFile; fileRef = 6DEEE30D2E1F48B800338DA5 /* BaseColletionCell.swift */; };
		6DEEE3102E1F49B800338DA5 /* FlowLayout.swift in Sources */ = {isa = PBXBuildFile; fileRef = 6DEEE30F2E1F49B800338DA5 /* FlowLayout.swift */; };
		6DEEE3132E1F4D2600338DA5 /* MainCell.swift in Sources */ = {isa = PBXBuildFile; fileRef = 6DEEE3122E1F4D2600338DA5 /* MainCell.swift */; };
		6DEEE3152E1F4FAC00338DA5 /* ReuseIdentifier.swift in Sources */ = {isa = PBXBuildFile; fileRef = 6DEEE3142E1F4FAC00338DA5 /* ReuseIdentifier.swift */; };
		6DEEE3182E1F61F100338DA5 /* DetailViewController.swift in Sources */ = {isa = PBXBuildFile; fileRef = 6DEEE3172E1F61F100338DA5 /* DetailViewController.swift */; };
		6DEEE31A2E1F841200338DA5 /* DetailView.swift in Sources */ = {isa = PBXBuildFile; fileRef = 6DEEE3192E1F841200338DA5 /* DetailView.swift */; };
		6DEEE31C2E1FC2D100338DA5 /* UINavigationController + Ext.swift in Sources */ = {isa = PBXBuildFile; fileRef = 6DEEE31B2E1FC2D100338DA5 /* UINavigationController + Ext.swift */; };
		6DEEE3212E2075D400338DA5 /* BaseTableCell.swift in Sources */ = {isa = PBXBuildFile; fileRef = 6DEEE3202E2075D400338DA5 /* BaseTableCell.swift */; };
		6DEEE3272E209B6400338DA5 /* BaseView.swift in Sources */ = {isa = PBXBuildFile; fileRef = 6DEEE3262E209B6400338DA5 /* BaseView.swift */; };
		6DEEE3292E209C2500338DA5 /* UIView + Ext.swift in Sources */ = {isa = PBXBuildFile; fileRef = 6DEEE3282E209C2500338DA5 /* UIView + Ext.swift */; };
		6DEEE32B2E209D1B00338DA5 /* BaseTableView.swift in Sources */ = {isa = PBXBuildFile; fileRef = 6DEEE32A2E209D1B00338DA5 /* BaseTableView.swift */; };
		6DEEE3302E20A94000338DA5 /* ImageViewController.swift in Sources */ = {isa = PBXBuildFile; fileRef = 6DEEE32F2E20A94000338DA5 /* ImageViewController.swift */; };
		6DEEE3322E20A9D800338DA5 /* ImageInfoView.swift in Sources */ = {isa = PBXBuildFile; fileRef = 6DEEE3312E20A9D800338DA5 /* ImageInfoView.swift */; };
		6DEEE3352E20B73C00338DA5 /* ImageButton.swift in Sources */ = {isa = PBXBuildFile; fileRef = 6DEEE3342E20B73C00338DA5 /* ImageButton.swift */; };
		6DEEE3382E20B93E00338DA5 /* ExpandViewController.swift in Sources */ = {isa = PBXBuildFile; fileRef = 6DEEE3372E20B93E00338DA5 /* ExpandViewController.swift */; };
		6DEEE3732E24748200338DA5 /* DetailCollectionView.swift in Sources */ = {isa = PBXBuildFile; fileRef = 6DEEE3722E24748200338DA5 /* DetailCollectionView.swift */; };
		6DEEE3752E24750300338DA5 /* BaseCollectionView.swift in Sources */ = {isa = PBXBuildFile; fileRef = 6DEEE3742E24750300338DA5 /* BaseCollectionView.swift */; };
		6DEEE3782E2475F900338DA5 /* PhotoCell.swift in Sources */ = {isa = PBXBuildFile; fileRef = 6DEEE3772E2475F900338DA5 /* PhotoCell.swift */; };
		6DEEE37A2E24760300338DA5 /* BioCell.swift in Sources */ = {isa = PBXBuildFile; fileRef = 6DEEE3792E24760300338DA5 /* BioCell.swift */; };
		6DEEE37C2E24762400338DA5 /* WorkCell.swift in Sources */ = {isa = PBXBuildFile; fileRef = 6DEEE37B2E24762400338DA5 /* WorkCell.swift */; };
/* End PBXBuildFile section */

/* Begin PBXFileReference section */
		6DE341882E247D8500A967E9 /* CellConfigurator.swift */ = {isa = PBXFileReference; lastKnownFileType = sourcecode.swift; path = CellConfigurator.swift; sourceTree = "<group>"; };
		6DE341D12E24A32500A967E9 /* CustomNavigationController.swift */ = {isa = PBXFileReference; lastKnownFileType = sourcecode.swift; path = CustomNavigationController.swift; sourceTree = "<group>"; };
		6DE341D32E24A4BB00A967E9 /* MainViewModel.swift */ = {isa = PBXFileReference; lastKnownFileType = sourcecode.swift; path = MainViewModel.swift; sourceTree = "<group>"; };
		6DE341D52E24A63700A967E9 /* MainCollectionView.swift */ = {isa = PBXFileReference; lastKnownFileType = sourcecode.swift; path = MainCollectionView.swift; sourceTree = "<group>"; };
		6DE341D82E24BC9300A967E9 /* MainView.swift */ = {isa = PBXFileReference; lastKnownFileType = sourcecode.swift; path = MainView.swift; sourceTree = "<group>"; };
		6DE341DB2E24FDBD00A967E9 /* DependencyInjection.swift */ = {isa = PBXFileReference; lastKnownFileType = sourcecode.swift; path = DependencyInjection.swift; sourceTree = "<group>"; };
		6DEEE2E32E1F412C00338DA5 /* ArtApp.app */ = {isa = PBXFileReference; explicitFileType = wrapper.application; includeInIndex = 0; path = ArtApp.app; sourceTree = BUILT_PRODUCTS_DIR; };
		6DEEE2E62E1F412C00338DA5 /* AppDelegate.swift */ = {isa = PBXFileReference; lastKnownFileType = sourcecode.swift; path = AppDelegate.swift; sourceTree = "<group>"; };
		6DEEE2E82E1F412C00338DA5 /* SceneDelegate.swift */ = {isa = PBXFileReference; lastKnownFileType = sourcecode.swift; path = SceneDelegate.swift; sourceTree = "<group>"; };
		6DEEE2EA2E1F412C00338DA5 /* MainViewController.swift */ = {isa = PBXFileReference; lastKnownFileType = sourcecode.swift; path = MainViewController.swift; sourceTree = "<group>"; };
		6DEEE2EF2E1F412F00338DA5 /* Assets.xcassets */ = {isa = PBXFileReference; lastKnownFileType = folder.assetcatalog; path = Assets.xcassets; sourceTree = "<group>"; };
		6DEEE2F22E1F412F00338DA5 /* Base */ = {isa = PBXFileReference; lastKnownFileType = file.storyboard; name = Base; path = Base.lproj/LaunchScreen.storyboard; sourceTree = "<group>"; };
		6DEEE2F42E1F412F00338DA5 /* Info.plist */ = {isa = PBXFileReference; lastKnownFileType = text.plist.xml; path = Info.plist; sourceTree = "<group>"; };
		6DEEE2FF2E1F41E900338DA5 /* Artist.swift */ = {isa = PBXFileReference; lastKnownFileType = sourcecode.swift; path = Artist.swift; sourceTree = "<group>"; };
		6DEEE3012E1F42DA00338DA5 /* NetworkService.swift */ = {isa = PBXFileReference; lastKnownFileType = sourcecode.swift; path = NetworkService.swift; sourceTree = "<group>"; };
		6DEEE3032E1F42FB00338DA5 /* API.swift */ = {isa = PBXFileReference; lastKnownFileType = sourcecode.swift; path = API.swift; sourceTree = "<group>"; };
		6DEEE3052E1F430400338DA5 /* Error.swift */ = {isa = PBXFileReference; lastKnownFileType = sourcecode.swift; path = Error.swift; sourceTree = "<group>"; };
		6DEEE30A2E1F483C00338DA5 /* BaseViewController.swift */ = {isa = PBXFileReference; lastKnownFileType = sourcecode.swift; path = BaseViewController.swift; sourceTree = "<group>"; };
		6DEEE30D2E1F48B800338DA5 /* BaseColletionCell.swift */ = {isa = PBXFileReference; lastKnownFileType = sourcecode.swift; path = BaseColletionCell.swift; sourceTree = "<group>"; };
		6DEEE30F2E1F49B800338DA5 /* FlowLayout.swift */ = {isa = PBXFileReference; lastKnownFileType = sourcecode.swift; path = FlowLayout.swift; sourceTree = "<group>"; };
		6DEEE3122E1F4D2600338DA5 /* MainCell.swift */ = {isa = PBXFileReference; lastKnownFileType = sourcecode.swift; path = MainCell.swift; sourceTree = "<group>"; };
		6DEEE3142E1F4FAC00338DA5 /* ReuseIdentifier.swift */ = {isa = PBXFileReference; lastKnownFileType = sourcecode.swift; path = ReuseIdentifier.swift; sourceTree = "<group>"; };
		6DEEE3172E1F61F100338DA5 /* DetailViewController.swift */ = {isa = PBXFileReference; lastKnownFileType = sourcecode.swift; path = DetailViewController.swift; sourceTree = "<group>"; };
		6DEEE3192E1F841200338DA5 /* DetailView.swift */ = {isa = PBXFileReference; lastKnownFileType = sourcecode.swift; path = DetailView.swift; sourceTree = "<group>"; };
		6DEEE31B2E1FC2D100338DA5 /* UINavigationController + Ext.swift */ = {isa = PBXFileReference; lastKnownFileType = sourcecode.swift; path = "UINavigationController + Ext.swift"; sourceTree = "<group>"; };
		6DEEE3202E2075D400338DA5 /* BaseTableCell.swift */ = {isa = PBXFileReference; lastKnownFileType = sourcecode.swift; path = BaseTableCell.swift; sourceTree = "<group>"; };
		6DEEE3262E209B6400338DA5 /* BaseView.swift */ = {isa = PBXFileReference; lastKnownFileType = sourcecode.swift; path = BaseView.swift; sourceTree = "<group>"; };
		6DEEE3282E209C2500338DA5 /* UIView + Ext.swift */ = {isa = PBXFileReference; lastKnownFileType = sourcecode.swift; path = "UIView + Ext.swift"; sourceTree = "<group>"; };
		6DEEE32A2E209D1B00338DA5 /* BaseTableView.swift */ = {isa = PBXFileReference; lastKnownFileType = sourcecode.swift; path = BaseTableView.swift; sourceTree = "<group>"; };
		6DEEE32F2E20A94000338DA5 /* ImageViewController.swift */ = {isa = PBXFileReference; lastKnownFileType = sourcecode.swift; path = ImageViewController.swift; sourceTree = "<group>"; };
		6DEEE3312E20A9D800338DA5 /* ImageInfoView.swift */ = {isa = PBXFileReference; lastKnownFileType = sourcecode.swift; path = ImageInfoView.swift; sourceTree = "<group>"; };
		6DEEE3342E20B73C00338DA5 /* ImageButton.swift */ = {isa = PBXFileReference; lastKnownFileType = sourcecode.swift; path = ImageButton.swift; sourceTree = "<group>"; };
		6DEEE3372E20B93E00338DA5 /* ExpandViewController.swift */ = {isa = PBXFileReference; lastKnownFileType = sourcecode.swift; path = ExpandViewController.swift; sourceTree = "<group>"; };
		6DEEE3722E24748200338DA5 /* DetailCollectionView.swift */ = {isa = PBXFileReference; lastKnownFileType = sourcecode.swift; path = DetailCollectionView.swift; sourceTree = "<group>"; };
		6DEEE3742E24750300338DA5 /* BaseCollectionView.swift */ = {isa = PBXFileReference; lastKnownFileType = sourcecode.swift; path = BaseCollectionView.swift; sourceTree = "<group>"; };
		6DEEE3772E2475F900338DA5 /* PhotoCell.swift */ = {isa = PBXFileReference; lastKnownFileType = sourcecode.swift; path = PhotoCell.swift; sourceTree = "<group>"; };
		6DEEE3792E24760300338DA5 /* BioCell.swift */ = {isa = PBXFileReference; lastKnownFileType = sourcecode.swift; path = BioCell.swift; sourceTree = "<group>"; };
		6DEEE37B2E24762400338DA5 /* WorkCell.swift */ = {isa = PBXFileReference; lastKnownFileType = sourcecode.swift; path = WorkCell.swift; sourceTree = "<group>"; };
		7E732A1DDF1BE7A5552C0B13 /* Pods-ArtApp.release.xcconfig */ = {isa = PBXFileReference; includeInIndex = 1; lastKnownFileType = text.xcconfig; name = "Pods-ArtApp.release.xcconfig"; path = "Target Support Files/Pods-ArtApp/Pods-ArtApp.release.xcconfig"; sourceTree = "<group>"; };
		BD5B474F8BC099BEA14CF956 /* Pods_ArtApp.framework */ = {isa = PBXFileReference; explicitFileType = wrapper.framework; includeInIndex = 0; path = Pods_ArtApp.framework; sourceTree = BUILT_PRODUCTS_DIR; };
		EAF8208A65DCC842F7191296 /* Pods-ArtApp.debug.xcconfig */ = {isa = PBXFileReference; includeInIndex = 1; lastKnownFileType = text.xcconfig; name = "Pods-ArtApp.debug.xcconfig"; path = "Target Support Files/Pods-ArtApp/Pods-ArtApp.debug.xcconfig"; sourceTree = "<group>"; };
/* End PBXFileReference section */

/* Begin PBXFrameworksBuildPhase section */
		6DEEE2E02E1F412C00338DA5 /* Frameworks */ = {
			isa = PBXFrameworksBuildPhase;
			buildActionMask = 2147483647;
			files = (
				23C844BA716C60F677D6AE68 /* Pods_ArtApp.framework in Frameworks */,
			);
			runOnlyForDeploymentPostprocessing = 0;
		};
/* End PBXFrameworksBuildPhase section */

/* Begin PBXGroup section */
		20D9AC4F8BC02C9B89604A6C /* Frameworks */ = {
			isa = PBXGroup;
			children = (
				BD5B474F8BC099BEA14CF956 /* Pods_ArtApp.framework */,
			);
			name = Frameworks;
			sourceTree = "<group>";
		};
		6DE341D72E24BBA500A967E9 /* Views */ = {
			isa = PBXGroup;
			children = (
				6DEEE3122E1F4D2600338DA5 /* MainCell.swift */,
				6DE341D52E24A63700A967E9 /* MainCollectionView.swift */,
				6DE341D82E24BC9300A967E9 /* MainView.swift */,
			);
			path = Views;
			sourceTree = "<group>";
		};
		6DE341DA2E24FD9F00A967E9 /* DI */ = {
			isa = PBXGroup;
			children = (
				6DE341DB2E24FDBD00A967E9 /* DependencyInjection.swift */,
			);
			path = DI;
			sourceTree = "<group>";
		};
		6DEEE2DA2E1F412C00338DA5 = {
			isa = PBXGroup;
			children = (
				6DEEE2E52E1F412C00338DA5 /* ArtApp */,
				6DEEE2E42E1F412C00338DA5 /* Products */,
				748A5E4EB87DE65A40C65614 /* Pods */,
				20D9AC4F8BC02C9B89604A6C /* Frameworks */,
			);
			sourceTree = "<group>";
		};
		6DEEE2E42E1F412C00338DA5 /* Products */ = {
			isa = PBXGroup;
			children = (
				6DEEE2E32E1F412C00338DA5 /* ArtApp.app */,
			);
			name = Products;
			sourceTree = "<group>";
		};
		6DEEE2E52E1F412C00338DA5 /* ArtApp */ = {
			isa = PBXGroup;
			children = (
				6DEEE2FA2E1F413D00338DA5 /* Application */,
				6DE341DA2E24FD9F00A967E9 /* DI */,
				6DEEE2FD2E1F41AA00338DA5 /* Service */,
				6DEEE2FE2E1F41C000338DA5 /* Model */,
				6DEEE2FC2E1F41A300338DA5 /* Modules */,
				6DEEE3082E1F481E00338DA5 /* Helpers */,
				6DEEE2FB2E1F414A00338DA5 /* SupportingFiles */,
			);
			path = ArtApp;
			sourceTree = "<group>";
		};
		6DEEE2FA2E1F413D00338DA5 /* Application */ = {
			isa = PBXGroup;
			children = (
				6DEEE2E62E1F412C00338DA5 /* AppDelegate.swift */,
				6DEEE2E82E1F412C00338DA5 /* SceneDelegate.swift */,
			);
			path = Application;
			sourceTree = "<group>";
		};
		6DEEE2FB2E1F414A00338DA5 /* SupportingFiles */ = {
			isa = PBXGroup;
			children = (
				6DEEE2EF2E1F412F00338DA5 /* Assets.xcassets */,
				6DEEE2F12E1F412F00338DA5 /* LaunchScreen.storyboard */,
				6DEEE2F42E1F412F00338DA5 /* Info.plist */,
			);
			path = SupportingFiles;
			sourceTree = "<group>";
		};
		6DEEE2FC2E1F41A300338DA5 /* Modules */ = {
			isa = PBXGroup;
			children = (
				6DEEE3072E1F47B200338DA5 /* Main */,
				6DEEE3162E1F61C200338DA5 /* Detail */,
				6DEEE32E2E20A8E900338DA5 /* Image */,
				6DEEE3362E20B90E00338DA5 /* Expand */,
			);
			path = Modules;
			sourceTree = "<group>";
		};
		6DEEE2FD2E1F41AA00338DA5 /* Service */ = {
			isa = PBXGroup;
			children = (
				6DEEE3032E1F42FB00338DA5 /* API.swift */,
				6DEEE3012E1F42DA00338DA5 /* NetworkService.swift */,
				6DEEE3052E1F430400338DA5 /* Error.swift */,
			);
			path = Service;
			sourceTree = "<group>";
		};
		6DEEE2FE2E1F41C000338DA5 /* Model */ = {
			isa = PBXGroup;
			children = (
				6DE341882E247D8500A967E9 /* CellConfigurator.swift */,
				6DEEE2FF2E1F41E900338DA5 /* Artist.swift */,
			);
			path = Model;
			sourceTree = "<group>";
		};
		6DEEE3072E1F47B200338DA5 /* Main */ = {
			isa = PBXGroup;
			children = (
				6DE341D72E24BBA500A967E9 /* Views */,
				6DEEE2EA2E1F412C00338DA5 /* MainViewController.swift */,
				6DE341D32E24A4BB00A967E9 /* MainViewModel.swift */,
			);
			path = Main;
			sourceTree = "<group>";
		};
		6DEEE3082E1F481E00338DA5 /* Helpers */ = {
			isa = PBXGroup;
			children = (
				6DEEE3112E1F4A0C00338DA5 /* Components */,
				6DEEE30C2E1F489A00338DA5 /* Extensions */,
				6DEEE3092E1F482E00338DA5 /* Base */,
			);
			path = Helpers;
			sourceTree = "<group>";
		};
		6DEEE3092E1F482E00338DA5 /* Base */ = {
			isa = PBXGroup;
			children = (
				6DEEE30A2E1F483C00338DA5 /* BaseViewController.swift */,
				6DEEE30D2E1F48B800338DA5 /* BaseColletionCell.swift */,
				6DEEE3202E2075D400338DA5 /* BaseTableCell.swift */,
				6DEEE3262E209B6400338DA5 /* BaseView.swift */,
				6DEEE32A2E209D1B00338DA5 /* BaseTableView.swift */,
				6DEEE3742E24750300338DA5 /* BaseCollectionView.swift */,
				6DE341D12E24A32500A967E9 /* CustomNavigationController.swift */,
			);
			path = Base;
			sourceTree = "<group>";
		};
		6DEEE30C2E1F489A00338DA5 /* Extensions */ = {
			isa = PBXGroup;
			children = (
				6DEEE3142E1F4FAC00338DA5 /* ReuseIdentifier.swift */,
				6DEEE31B2E1FC2D100338DA5 /* UINavigationController + Ext.swift */,
				6DEEE3282E209C2500338DA5 /* UIView + Ext.swift */,
			);
			path = Extensions;
			sourceTree = "<group>";
		};
		6DEEE3112E1F4A0C00338DA5 /* Components */ = {
			isa = PBXGroup;
			children = (
				6DEEE30F2E1F49B800338DA5 /* FlowLayout.swift */,
			);
			path = Components;
			sourceTree = "<group>";
		};
		6DEEE3162E1F61C200338DA5 /* Detail */ = {
			isa = PBXGroup;
			children = (
				6DEEE37D2E24769A00338DA5 /* Cell */,
				6DEEE3722E24748200338DA5 /* DetailCollectionView.swift */,
				6DEEE3192E1F841200338DA5 /* DetailView.swift */,
				6DEEE3172E1F61F100338DA5 /* DetailViewController.swift */,
			);
			path = Detail;
			sourceTree = "<group>";
		};
		6DEEE32E2E20A8E900338DA5 /* Image */ = {
			isa = PBXGroup;
			children = (
				6DEEE3332E20B72700338DA5 /* Views */,
				6DEEE32F2E20A94000338DA5 /* ImageViewController.swift */,
			);
			path = Image;
			sourceTree = "<group>";
		};
		6DEEE3332E20B72700338DA5 /* Views */ = {
			isa = PBXGroup;
			children = (
				6DEEE3312E20A9D800338DA5 /* ImageInfoView.swift */,
				6DEEE3342E20B73C00338DA5 /* ImageButton.swift */,
			);
			path = Views;
			sourceTree = "<group>";
		};
		6DEEE3362E20B90E00338DA5 /* Expand */ = {
			isa = PBXGroup;
			children = (
				6DEEE3372E20B93E00338DA5 /* ExpandViewController.swift */,
			);
			path = Expand;
			sourceTree = "<group>";
		};
		6DEEE37D2E24769A00338DA5 /* Cell */ = {
			isa = PBXGroup;
			children = (
				6DEEE3772E2475F900338DA5 /* PhotoCell.swift */,
				6DEEE3792E24760300338DA5 /* BioCell.swift */,
				6DEEE37B2E24762400338DA5 /* WorkCell.swift */,
			);
			path = Cell;
			sourceTree = "<group>";
		};
		748A5E4EB87DE65A40C65614 /* Pods */ = {
			isa = PBXGroup;
			children = (
				EAF8208A65DCC842F7191296 /* Pods-ArtApp.debug.xcconfig */,
				7E732A1DDF1BE7A5552C0B13 /* Pods-ArtApp.release.xcconfig */,
			);
			path = Pods;
			sourceTree = "<group>";
		};
/* End PBXGroup section */

/* Begin PBXNativeTarget section */
		6DEEE2E22E1F412C00338DA5 /* ArtApp */ = {
			isa = PBXNativeTarget;
			buildConfigurationList = 6DEEE2F72E1F412F00338DA5 /* Build configuration list for PBXNativeTarget "ArtApp" */;
			buildPhases = (
				AD53EAF819E30425D1A45B5D /* [CP] Check Pods Manifest.lock */,
				6DEEE2DF2E1F412C00338DA5 /* Sources */,
				6DEEE2E02E1F412C00338DA5 /* Frameworks */,
				6DEEE2E12E1F412C00338DA5 /* Resources */,
				6DEEE3392E20D6D000338DA5 /* ShellScript */,
				A5BB1B5FC0D34F6210DC9EF9 /* [CP] Embed Pods Frameworks */,
			);
			buildRules = (
			);
			dependencies = (
			);
			name = ArtApp;
			productName = ArtApp;
			productReference = 6DEEE2E32E1F412C00338DA5 /* ArtApp.app */;
			productType = "com.apple.product-type.application";
		};
/* End PBXNativeTarget section */

/* Begin PBXProject section */
		6DEEE2DB2E1F412C00338DA5 /* Project object */ = {
			isa = PBXProject;
			attributes = {
				BuildIndependentTargetsInParallel = 1;
				LastSwiftUpdateCheck = 1400;
				LastUpgradeCheck = 1400;
				TargetAttributes = {
					6DEEE2E22E1F412C00338DA5 = {
						CreatedOnToolsVersion = 14.0.1;
					};
				};
			};
			buildConfigurationList = 6DEEE2DE2E1F412C00338DA5 /* Build configuration list for PBXProject "ArtApp" */;
			compatibilityVersion = "Xcode 14.0";
			developmentRegion = en;
			hasScannedForEncodings = 0;
			knownRegions = (
				en,
				Base,
			);
			mainGroup = 6DEEE2DA2E1F412C00338DA5;
			productRefGroup = 6DEEE2E42E1F412C00338DA5 /* Products */;
			projectDirPath = "";
			projectRoot = "";
			targets = (
				6DEEE2E22E1F412C00338DA5 /* ArtApp */,
			);
		};
/* End PBXProject section */

/* Begin PBXResourcesBuildPhase section */
		6DEEE2E12E1F412C00338DA5 /* Resources */ = {
			isa = PBXResourcesBuildPhase;
			buildActionMask = 2147483647;
			files = (
				6DEEE2F32E1F412F00338DA5 /* LaunchScreen.storyboard in Resources */,
				6DEEE2F02E1F412F00338DA5 /* Assets.xcassets in Resources */,
			);
			runOnlyForDeploymentPostprocessing = 0;
		};
/* End PBXResourcesBuildPhase section */

/* Begin PBXShellScriptBuildPhase section */
		6DEEE3392E20D6D000338DA5 /* ShellScript */ = {
			isa = PBXShellScriptBuildPhase;
			buildActionMask = 2147483647;
			files = (
			);
			inputFileListPaths = (
			);
			inputPaths = (
			);
			outputFileListPaths = (
			);
			outputPaths = (
			);
			runOnlyForDeploymentPostprocessing = 0;
			shellPath = /bin/sh;
			shellScript = "
";
		};
		A5BB1B5FC0D34F6210DC9EF9 /* [CP] Embed Pods Frameworks */ = {
			isa = PBXShellScriptBuildPhase;
			buildActionMask = 2147483647;
			files = (
			);
			inputFileListPaths = (
				"${PODS_ROOT}/Target Support Files/Pods-ArtApp/Pods-ArtApp-frameworks-${CONFIGURATION}-input-files.xcfilelist",
			);
			name = "[CP] Embed Pods Frameworks";
			outputFileListPaths = (
				"${PODS_ROOT}/Target Support Files/Pods-ArtApp/Pods-ArtApp-frameworks-${CONFIGURATION}-output-files.xcfilelist",
			);
			runOnlyForDeploymentPostprocessing = 0;
			shellPath = /bin/sh;
			shellScript = "\"${PODS_ROOT}/Target Support Files/Pods-ArtApp/Pods-ArtApp-frameworks.sh\"\n";
			showEnvVarsInLog = 0;
		};
		AD53EAF819E30425D1A45B5D /* [CP] Check Pods Manifest.lock */ = {
			isa = PBXShellScriptBuildPhase;
			buildActionMask = 2147483647;
			files = (
			);
			inputFileListPaths = (
			);
			inputPaths = (
				"${PODS_PODFILE_DIR_PATH}/Podfile.lock",
				"${PODS_ROOT}/Manifest.lock",
			);
			name = "[CP] Check Pods Manifest.lock";
			outputFileListPaths = (
			);
			outputPaths = (
				"$(DERIVED_FILE_DIR)/Pods-ArtApp-checkManifestLockResult.txt",
			);
			runOnlyForDeploymentPostprocessing = 0;
			shellPath = /bin/sh;
			shellScript = "diff \"${PODS_PODFILE_DIR_PATH}/Podfile.lock\" \"${PODS_ROOT}/Manifest.lock\" > /dev/null\nif [ $? != 0 ] ; then\n    # print error to STDERR\n    echo \"error: The sandbox is not in sync with the Podfile.lock. Run 'pod install' or update your CocoaPods installation.\" >&2\n    exit 1\nfi\n# This output is used by Xcode 'outputs' to avoid re-running this script phase.\necho \"SUCCESS\" > \"${SCRIPT_OUTPUT_FILE_0}\"\n";
			showEnvVarsInLog = 0;
		};
/* End PBXShellScriptBuildPhase section */

/* Begin PBXSourcesBuildPhase section */
		6DEEE2DF2E1F412C00338DA5 /* Sources */ = {
			isa = PBXSourcesBuildPhase;
			buildActionMask = 2147483647;
			files = (
				6DEEE37A2E24760300338DA5 /* BioCell.swift in Sources */,
				6DEEE31C2E1FC2D100338DA5 /* UINavigationController + Ext.swift in Sources */,
				6DEEE3182E1F61F100338DA5 /* DetailViewController.swift in Sources */,
				6DEEE3022E1F42DA00338DA5 /* NetworkService.swift in Sources */,
				6DEEE2EB2E1F412C00338DA5 /* MainViewController.swift in Sources */,
				6DEEE3382E20B93E00338DA5 /* ExpandViewController.swift in Sources */,
				6DE341D22E24A32500A967E9 /* CustomNavigationController.swift in Sources */,
				6DEEE3322E20A9D800338DA5 /* ImageInfoView.swift in Sources */,
				6DEEE31A2E1F841200338DA5 /* DetailView.swift in Sources */,
				6DEEE3352E20B73C00338DA5 /* ImageButton.swift in Sources */,
				6DEEE2E72E1F412C00338DA5 /* AppDelegate.swift in Sources */,
				6DEEE32B2E209D1B00338DA5 /* BaseTableView.swift in Sources */,
				6DEEE37C2E24762400338DA5 /* WorkCell.swift in Sources */,
				6DEEE3002E1F41E900338DA5 /* Artist.swift in Sources */,
				6DEEE3272E209B6400338DA5 /* BaseView.swift in Sources */,
				6DEEE3292E209C2500338DA5 /* UIView + Ext.swift in Sources */,
				6DE341D92E24BC9300A967E9 /* MainView.swift in Sources */,
				6DEEE30E2E1F48B800338DA5 /* BaseColletionCell.swift in Sources */,
				6DEEE3732E24748200338DA5 /* DetailCollectionView.swift in Sources */,
				6DEEE3782E2475F900338DA5 /* PhotoCell.swift in Sources */,
				6DE341DC2E24FDBD00A967E9 /* DependencyInjection.swift in Sources */,
				6DEEE3132E1F4D2600338DA5 /* MainCell.swift in Sources */,
				6DEEE3042E1F42FB00338DA5 /* API.swift in Sources */,
				6DEEE30B2E1F483C00338DA5 /* BaseViewController.swift in Sources */,
				6DEEE3212E2075D400338DA5 /* BaseTableCell.swift in Sources */,
				6DEEE3062E1F430400338DA5 /* Error.swift in Sources */,
				6DE341892E247D8500A967E9 /* CellConfigurator.swift in Sources */,
				6DEEE3102E1F49B800338DA5 /* FlowLayout.swift in Sources */,
				6DEEE2E92E1F412C00338DA5 /* SceneDelegate.swift in Sources */,
				6DEEE3152E1F4FAC00338DA5 /* ReuseIdentifier.swift in Sources */,
				6DEEE3752E24750300338DA5 /* BaseCollectionView.swift in Sources */,
				6DEEE3302E20A94000338DA5 /* ImageViewController.swift in Sources */,
				6DE341D42E24A4BB00A967E9 /* MainViewModel.swift in Sources */,
				6DE341D62E24A63700A967E9 /* MainCollectionView.swift in Sources */,
			);
			runOnlyForDeploymentPostprocessing = 0;
		};
/* End PBXSourcesBuildPhase section */

/* Begin PBXVariantGroup section */
		6DEEE2F12E1F412F00338DA5 /* LaunchScreen.storyboard */ = {
			isa = PBXVariantGroup;
			children = (
				6DEEE2F22E1F412F00338DA5 /* Base */,
			);
			name = LaunchScreen.storyboard;
			sourceTree = "<group>";
		};
/* End PBXVariantGroup section */

/* Begin XCBuildConfiguration section */
		6DEEE2F52E1F412F00338DA5 /* Debug */ = {
			isa = XCBuildConfiguration;
			buildSettings = {
				ALWAYS_SEARCH_USER_PATHS = NO;
				CLANG_ANALYZER_NONNULL = YES;
				CLANG_ANALYZER_NUMBER_OBJECT_CONVERSION = YES_AGGRESSIVE;
				CLANG_CXX_LANGUAGE_STANDARD = "gnu++20";
				CLANG_ENABLE_MODULES = YES;
				CLANG_ENABLE_OBJC_ARC = YES;
				CLANG_ENABLE_OBJC_WEAK = YES;
				CLANG_WARN_BLOCK_CAPTURE_AUTORELEASING = YES;
				CLANG_WARN_BOOL_CONVERSION = YES;
				CLANG_WARN_COMMA = YES;
				CLANG_WARN_CONSTANT_CONVERSION = YES;
				CLANG_WARN_DEPRECATED_OBJC_IMPLEMENTATIONS = YES;
				CLANG_WARN_DIRECT_OBJC_ISA_USAGE = YES_ERROR;
				CLANG_WARN_DOCUMENTATION_COMMENTS = YES;
				CLANG_WARN_EMPTY_BODY = YES;
				CLANG_WARN_ENUM_CONVERSION = YES;
				CLANG_WARN_INFINITE_RECURSION = YES;
				CLANG_WARN_INT_CONVERSION = YES;
				CLANG_WARN_NON_LITERAL_NULL_CONVERSION = YES;
				CLANG_WARN_OBJC_IMPLICIT_RETAIN_SELF = YES;
				CLANG_WARN_OBJC_LITERAL_CONVERSION = YES;
				CLANG_WARN_OBJC_ROOT_CLASS = YES_ERROR;
				CLANG_WARN_QUOTED_INCLUDE_IN_FRAMEWORK_HEADER = YES;
				CLANG_WARN_RANGE_LOOP_ANALYSIS = YES;
				CLANG_WARN_STRICT_PROTOTYPES = YES;
				CLANG_WARN_SUSPICIOUS_MOVE = YES;
				CLANG_WARN_UNGUARDED_AVAILABILITY = YES_AGGRESSIVE;
				CLANG_WARN_UNREACHABLE_CODE = YES;
				CLANG_WARN__DUPLICATE_METHOD_MATCH = YES;
				COPY_PHASE_STRIP = NO;
				DEBUG_INFORMATION_FORMAT = dwarf;
				ENABLE_STRICT_OBJC_MSGSEND = YES;
				ENABLE_TESTABILITY = YES;
				GCC_C_LANGUAGE_STANDARD = gnu11;
				GCC_DYNAMIC_NO_PIC = NO;
				GCC_NO_COMMON_BLOCKS = YES;
				GCC_OPTIMIZATION_LEVEL = 0;
				GCC_PREPROCESSOR_DEFINITIONS = (
					"DEBUG=1",
					"$(inherited)",
				);
				GCC_WARN_64_TO_32_BIT_CONVERSION = YES;
				GCC_WARN_ABOUT_RETURN_TYPE = YES_ERROR;
				GCC_WARN_UNDECLARED_SELECTOR = YES;
				GCC_WARN_UNINITIALIZED_AUTOS = YES_AGGRESSIVE;
				GCC_WARN_UNUSED_FUNCTION = YES;
				GCC_WARN_UNUSED_VARIABLE = YES;
				IPHONEOS_DEPLOYMENT_TARGET = 16.0;
				MTL_ENABLE_DEBUG_INFO = INCLUDE_SOURCE;
				MTL_FAST_MATH = YES;
				ONLY_ACTIVE_ARCH = YES;
				SDKROOT = iphoneos;
				SWIFT_ACTIVE_COMPILATION_CONDITIONS = DEBUG;
				SWIFT_OPTIMIZATION_LEVEL = "-Onone";
			};
			name = Debug;
		};
		6DEEE2F62E1F412F00338DA5 /* Release */ = {
			isa = XCBuildConfiguration;
			buildSettings = {
				ALWAYS_SEARCH_USER_PATHS = NO;
				CLANG_ANALYZER_NONNULL = YES;
				CLANG_ANALYZER_NUMBER_OBJECT_CONVERSION = YES_AGGRESSIVE;
				CLANG_CXX_LANGUAGE_STANDARD = "gnu++20";
				CLANG_ENABLE_MODULES = YES;
				CLANG_ENABLE_OBJC_ARC = YES;
				CLANG_ENABLE_OBJC_WEAK = YES;
				CLANG_WARN_BLOCK_CAPTURE_AUTORELEASING = YES;
				CLANG_WARN_BOOL_CONVERSION = YES;
				CLANG_WARN_COMMA = YES;
				CLANG_WARN_CONSTANT_CONVERSION = YES;
				CLANG_WARN_DEPRECATED_OBJC_IMPLEMENTATIONS = YES;
				CLANG_WARN_DIRECT_OBJC_ISA_USAGE = YES_ERROR;
				CLANG_WARN_DOCUMENTATION_COMMENTS = YES;
				CLANG_WARN_EMPTY_BODY = YES;
				CLANG_WARN_ENUM_CONVERSION = YES;
				CLANG_WARN_INFINITE_RECURSION = YES;
				CLANG_WARN_INT_CONVERSION = YES;
				CLANG_WARN_NON_LITERAL_NULL_CONVERSION = YES;
				CLANG_WARN_OBJC_IMPLICIT_RETAIN_SELF = YES;
				CLANG_WARN_OBJC_LITERAL_CONVERSION = YES;
				CLANG_WARN_OBJC_ROOT_CLASS = YES_ERROR;
				CLANG_WARN_QUOTED_INCLUDE_IN_FRAMEWORK_HEADER = YES;
				CLANG_WARN_RANGE_LOOP_ANALYSIS = YES;
				CLANG_WARN_STRICT_PROTOTYPES = YES;
				CLANG_WARN_SUSPICIOUS_MOVE = YES;
				CLANG_WARN_UNGUARDED_AVAILABILITY = YES_AGGRESSIVE;
				CLANG_WARN_UNREACHABLE_CODE = YES;
				CLANG_WARN__DUPLICATE_METHOD_MATCH = YES;
				COPY_PHASE_STRIP = NO;
				DEBUG_INFORMATION_FORMAT = "dwarf-with-dsym";
				ENABLE_NS_ASSERTIONS = NO;
				ENABLE_STRICT_OBJC_MSGSEND = YES;
				GCC_C_LANGUAGE_STANDARD = gnu11;
				GCC_NO_COMMON_BLOCKS = YES;
				GCC_WARN_64_TO_32_BIT_CONVERSION = YES;
				GCC_WARN_ABOUT_RETURN_TYPE = YES_ERROR;
				GCC_WARN_UNDECLARED_SELECTOR = YES;
				GCC_WARN_UNINITIALIZED_AUTOS = YES_AGGRESSIVE;
				GCC_WARN_UNUSED_FUNCTION = YES;
				GCC_WARN_UNUSED_VARIABLE = YES;
				IPHONEOS_DEPLOYMENT_TARGET = 16.0;
				MTL_ENABLE_DEBUG_INFO = NO;
				MTL_FAST_MATH = YES;
				SDKROOT = iphoneos;
				SWIFT_COMPILATION_MODE = wholemodule;
				SWIFT_OPTIMIZATION_LEVEL = "-O";
				VALIDATE_PRODUCT = YES;
			};
			name = Release;
		};
		6DEEE2F82E1F412F00338DA5 /* Debug */ = {
			isa = XCBuildConfiguration;
			baseConfigurationReference = EAF8208A65DCC842F7191296 /* Pods-ArtApp.debug.xcconfig */;
			buildSettings = {
				ASSETCATALOG_COMPILER_APPICON_NAME = AppIcon;
				ASSETCATALOG_COMPILER_GLOBAL_ACCENT_COLOR_NAME = AccentColor;
				CODE_SIGN_STYLE = Automatic;
				CURRENT_PROJECT_VERSION = 1;
				GENERATE_INFOPLIST_FILE = YES;
				INFOPLIST_FILE = ArtApp/SupportingFiles/Info.plist;
				INFOPLIST_KEY_UIApplicationSupportsIndirectInputEvents = YES;
				INFOPLIST_KEY_UILaunchStoryboardName = LaunchScreen;
				INFOPLIST_KEY_UISupportedInterfaceOrientations_iPad = "UIInterfaceOrientationPortrait UIInterfaceOrientationPortraitUpsideDown UIInterfaceOrientationLandscapeLeft UIInterfaceOrientationLandscapeRight";
				INFOPLIST_KEY_UISupportedInterfaceOrientations_iPhone = "UIInterfaceOrientationPortrait UIInterfaceOrientationLandscapeLeft UIInterfaceOrientationLandscapeRight";
				LD_RUNPATH_SEARCH_PATHS = (
					"$(inherited)",
					"@executable_path/Frameworks",
				);
				MARKETING_VERSION = 1.0;
				PRODUCT_BUNDLE_IDENTIFIER = abayellow.ArtApp;
				PRODUCT_NAME = "$(TARGET_NAME)";
				SWIFT_EMIT_LOC_STRINGS = YES;
				SWIFT_VERSION = 5.0;
				TARGETED_DEVICE_FAMILY = "1,2";
			};
			name = Debug;
		};
		6DEEE2F92E1F412F00338DA5 /* Release */ = {
			isa = XCBuildConfiguration;
			baseConfigurationReference = 7E732A1DDF1BE7A5552C0B13 /* Pods-ArtApp.release.xcconfig */;
			buildSettings = {
				ASSETCATALOG_COMPILER_APPICON_NAME = AppIcon;
				ASSETCATALOG_COMPILER_GLOBAL_ACCENT_COLOR_NAME = AccentColor;
				CODE_SIGN_STYLE = Automatic;
				CURRENT_PROJECT_VERSION = 1;
				GENERATE_INFOPLIST_FILE = YES;
				INFOPLIST_FILE = ArtApp/SupportingFiles/Info.plist;
				INFOPLIST_KEY_UIApplicationSupportsIndirectInputEvents = YES;
				INFOPLIST_KEY_UILaunchStoryboardName = LaunchScreen;
				INFOPLIST_KEY_UISupportedInterfaceOrientations_iPad = "UIInterfaceOrientationPortrait UIInterfaceOrientationPortraitUpsideDown UIInterfaceOrientationLandscapeLeft UIInterfaceOrientationLandscapeRight";
				INFOPLIST_KEY_UISupportedInterfaceOrientations_iPhone = "UIInterfaceOrientationPortrait UIInterfaceOrientationLandscapeLeft UIInterfaceOrientationLandscapeRight";
				LD_RUNPATH_SEARCH_PATHS = (
					"$(inherited)",
					"@executable_path/Frameworks",
				);
				MARKETING_VERSION = 1.0;
				PRODUCT_BUNDLE_IDENTIFIER = abayellow.ArtApp;
				PRODUCT_NAME = "$(TARGET_NAME)";
				SWIFT_EMIT_LOC_STRINGS = YES;
				SWIFT_VERSION = 5.0;
				TARGETED_DEVICE_FAMILY = "1,2";
			};
			name = Release;
		};
/* End XCBuildConfiguration section */

/* Begin XCConfigurationList section */
		6DEEE2DE2E1F412C00338DA5 /* Build configuration list for PBXProject "ArtApp" */ = {
			isa = XCConfigurationList;
			buildConfigurations = (
				6DEEE2F52E1F412F00338DA5 /* Debug */,
				6DEEE2F62E1F412F00338DA5 /* Release */,
			);
			defaultConfigurationIsVisible = 0;
			defaultConfigurationName = Release;
		};
		6DEEE2F72E1F412F00338DA5 /* Build configuration list for PBXNativeTarget "ArtApp" */ = {
			isa = XCConfigurationList;
			buildConfigurations = (
				6DEEE2F82E1F412F00338DA5 /* Debug */,
				6DEEE2F92E1F412F00338DA5 /* Release */,
			);
			defaultConfigurationIsVisible = 0;
			defaultConfigurationName = Release;
		};
/* End XCConfigurationList section */
	};
	rootObject = 6DEEE2DB2E1F412C00338DA5 /* Project object */;
}
